
Microsoft Visual Studio Solution File, Format Version 12.00
# Visual Studio Version 17
VisualStudioVersion = 17.4.33213.308
MinimumVisualStudioVersion = 10.0.40219.1
Project("{FAE04EC0-301F-11D3-BF4B-00C04F79EFBC}") = "DisplayTooltip.Server", "Server\DisplayTooltip.Server.csproj", "{67BF5AB7-8A79-493A-A0E9-1DEBACCB81A4}"
EndProject
Project("{FAE04EC0-301F-11D3-BF4B-00C04F79EFBC}") = "DisplayTooltip.Client", "Client\DisplayTooltip.Client.csproj", "{4F682842-A605-4526-BE4A-FFE8DB65FD66}"
EndProject
Project("{FAE04EC0-301F-11D3-BF4B-00C04F79EFBC}") = "DisplayTooltip.Shared", "Shared\DisplayTooltip.Shared.csproj", "{DD1E332C-F5D0-48A4-9AF8-59083A4E5A6C}"
EndProject
Global
	GlobalSection(SolutionConfigurationPlatforms) = preSolution
		Debug|Any CPU = Debug|Any CPU
		Release|Any CPU = Release|Any CPU
	EndGlobalSection
	GlobalSection(ProjectConfigurationPlatforms) = postSolution
		{67BF5AB7-8A79-493A-A0E9-1DEBACCB81A4}.Debug|Any CPU.ActiveCfg = Debug|Any CPU
		{67BF5AB7-8A79-493A-A0E9-1DEBACCB81A4}.Debug|Any CPU.Build.0 = Debug|Any CPU
		{67BF5AB7-8A79-493A-A0E9-1DEBACCB81A4}.Release|Any CPU.ActiveCfg = Release|Any CPU
		{67BF5AB7-8A79-493A-A0E9-1DEBACCB81A4}.Release|Any CPU.Build.0 = Release|Any CPU
		{4F682842-A605-4526-BE4A-FFE8DB65FD66}.Debug|Any CPU.ActiveCfg = Debug|Any CPU
		{4F682842-A605-4526-BE4A-FFE8DB65FD66}.Debug|Any CPU.Build.0 = Debug|Any CPU
		{4F682842-A605-4526-BE4A-FFE8DB65FD66}.Release|Any CPU.ActiveCfg = Release|Any CPU
		{4F682842-A605-4526-BE4A-FFE8DB65FD66}.Release|Any CPU.Build.0 = Release|Any CPU
		{DD1E332C-F5D0-48A4-9AF8-59083A4E5A6C}.Debug|Any CPU.ActiveCfg = Debug|Any CPU
		{DD1E332C-F5D0-48A4-9AF8-59083A4E5A6C}.Debug|Any CPU.Build.0 = Debug|Any CPU
		{DD1E332C-F5D0-48A4-9AF8-59083A4E5A6C}.Release|Any CPU.ActiveCfg = Release|Any CPU
		{DD1E332C-F5D0-48A4-9AF8-59083A4E5A6C}.Release|Any CPU.Build.0 = Release|Any CPU
	EndGlobalSection
	GlobalSection(SolutionProperties) = preSolution
		HideSolutionNode = FALSE
	EndGlobalSection
	GlobalSection(ExtensibilityGlobals) = postSolution
		SolutionGuid = {BE4A9FC9-2A3F-4CEA-B2B9-3F1F4A1F6CAE}
	EndGlobalSection
EndGlobal
